// !$*UTF8*$!
{
	archiveVersion = 1;
	classes = {
	};
	objectVersion = 56;
	objects = {

/* Begin PBXBuildFile section */
		541809002C8B8A28008114F7 /* Router.swift in Sources */ = {isa = PBXBuildFile; fileRef = 541808FF2C8B8A28008114F7 /* Router.swift */; };
		541809052C8B8A87008114F7 /* AsyncSqureImage.swift in Sources */ = {isa = PBXBuildFile; fileRef = 541809032C8B8A87008114F7 /* AsyncSqureImage.swift */; };
		541809062C8B8B32008114F7 /* Meal.swift in Sources */ = {isa = PBXBuildFile; fileRef = 548BAF9C2C87AF2500EAF8B8 /* Meal.swift */; };
		541809072C8B8B63008114F7 /* MealCategoryViewModel.swift in Sources */ = {isa = PBXBuildFile; fileRef = 54731B8B2C87C60D002F9C70 /* MealCategoryViewModel.swift */; };
		541809082C8B8B66008114F7 /* MealDetailViewModel.swift in Sources */ = {isa = PBXBuildFile; fileRef = 547E3D502C87DAB5002695EB /* MealDetailViewModel.swift */; };
		5418090A2C8BA541008114F7 /* MockAPIService.swift in Sources */ = {isa = PBXBuildFile; fileRef = 541809092C8BA541008114F7 /* MockAPIService.swift */; };
		5418090E2C8BA949008114F7 /* meals.json in Resources */ = {isa = PBXBuildFile; fileRef = 5418090D2C8BA949008114F7 /* meals.json */; };
		541809102C8BAA84008114F7 /* 52893.json in Resources */ = {isa = PBXBuildFile; fileRef = 5418090F2C8BAA84008114F7 /* 52893.json */; };
		54731B8C2C87C60D002F9C70 /* MealCategoryViewModel.swift in Sources */ = {isa = PBXBuildFile; fileRef = 54731B8B2C87C60D002F9C70 /* MealCategoryViewModel.swift */; };
		547E3D4E2C87DA1E002695EB /* CachedAsyncImage in Frameworks */ = {isa = PBXBuildFile; productRef = 547E3D4D2C87DA1E002695EB /* CachedAsyncImage */; };
		547E3D512C87DAB5002695EB /* MealDetailViewModel.swift in Sources */ = {isa = PBXBuildFile; fileRef = 547E3D502C87DAB5002695EB /* MealDetailViewModel.swift */; };
		548BAF6E2C87ADB200EAF8B8 /* Recipe_BookApp.swift in Sources */ = {isa = PBXBuildFile; fileRef = 548BAF6D2C87ADB200EAF8B8 /* Recipe_BookApp.swift */; };
		548BAF702C87ADB200EAF8B8 /* CategoryView.swift in Sources */ = {isa = PBXBuildFile; fileRef = 548BAF6F2C87ADB200EAF8B8 /* CategoryView.swift */; };
		548BAF722C87ADB300EAF8B8 /* Assets.xcassets in Resources */ = {isa = PBXBuildFile; fileRef = 548BAF712C87ADB300EAF8B8 /* Assets.xcassets */; };
		548BAF752C87ADB300EAF8B8 /* Preview Assets.xcassets in Resources */ = {isa = PBXBuildFile; fileRef = 548BAF742C87ADB300EAF8B8 /* Preview Assets.xcassets */; };
		548BAF7F2C87ADB300EAF8B8 /* Recipe_BookTests.swift in Sources */ = {isa = PBXBuildFile; fileRef = 548BAF7E2C87ADB300EAF8B8 /* Recipe_BookTests.swift */; };
		548BAF892C87ADB300EAF8B8 /* Recipe_BookUITests.swift in Sources */ = {isa = PBXBuildFile; fileRef = 548BAF882C87ADB300EAF8B8 /* Recipe_BookUITests.swift */; };
		548BAF8B2C87ADB300EAF8B8 /* Recipe_BookUITestsLaunchTests.swift in Sources */ = {isa = PBXBuildFile; fileRef = 548BAF8A2C87ADB300EAF8B8 /* Recipe_BookUITestsLaunchTests.swift */; };
		548BAF992C87ADD500EAF8B8 /* MealInfo.swift in Sources */ = {isa = PBXBuildFile; fileRef = 548BAF982C87ADD500EAF8B8 /* MealInfo.swift */; };
		548BAF9D2C87AF2500EAF8B8 /* Meal.swift in Sources */ = {isa = PBXBuildFile; fileRef = 548BAF9C2C87AF2500EAF8B8 /* Meal.swift */; };
		548BAF9F2C87BCA900EAF8B8 /* MealDetailView.swift in Sources */ = {isa = PBXBuildFile; fileRef = 548BAF9E2C87BCA900EAF8B8 /* MealDetailView.swift */; };
		548BAFA22C87BFEA00EAF8B8 /* MealDBService.swift in Sources */ = {isa = PBXBuildFile; fileRef = 548BAFA12C87BFEA00EAF8B8 /* MealDBService.swift */; };
		548BAFA32C87BFFD00EAF8B8 /* MealInfo.swift in Sources */ = {isa = PBXBuildFile; fileRef = 548BAF982C87ADD500EAF8B8 /* MealInfo.swift */; };
		548BAFA52C87C00000EAF8B8 /* MealDBService.swift in Sources */ = {isa = PBXBuildFile; fileRef = 548BAFA12C87BFEA00EAF8B8 /* MealDBService.swift */; };
		548BAFA72C87C2EA00EAF8B8 /* MealContainer.swift in Sources */ = {isa = PBXBuildFile; fileRef = 548BAFA62C87C2EA00EAF8B8 /* MealContainer.swift */; };
		548BAFA82C87C46D00EAF8B8 /* MealContainer.swift in Sources */ = {isa = PBXBuildFile; fileRef = 548BAFA62C87C2EA00EAF8B8 /* MealContainer.swift */; };
/* End PBXBuildFile section */

/* Begin PBXContainerItemProxy section */
		548BAF7B2C87ADB300EAF8B8 /* PBXContainerItemProxy */ = {
			isa = PBXContainerItemProxy;
			containerPortal = 548BAF622C87ADB200EAF8B8 /* Project object */;
			proxyType = 1;
			remoteGlobalIDString = 548BAF692C87ADB200EAF8B8;
			remoteInfo = "Recipe Book";
		};
		548BAF852C87ADB300EAF8B8 /* PBXContainerItemProxy */ = {
			isa = PBXContainerItemProxy;
			containerPortal = 548BAF622C87ADB200EAF8B8 /* Project object */;
			proxyType = 1;
			remoteGlobalIDString = 548BAF692C87ADB200EAF8B8;
			remoteInfo = "Recipe Book";
		};
/* End PBXContainerItemProxy section */

/* Begin PBXFileReference section */
		541808FF2C8B8A28008114F7 /* Router.swift */ = {isa = PBXFileReference; fileEncoding = 4; lastKnownFileType = sourcecode.swift; path = Router.swift; sourceTree = "<group>"; };
		541809032C8B8A87008114F7 /* AsyncSqureImage.swift */ = {isa = PBXFileReference; fileEncoding = 4; lastKnownFileType = sourcecode.swift; path = AsyncSqureImage.swift; sourceTree = "<group>"; };
		541809092C8BA541008114F7 /* MockAPIService.swift */ = {isa = PBXFileReference; lastKnownFileType = sourcecode.swift; path = MockAPIService.swift; sourceTree = "<group>"; };
		5418090D2C8BA949008114F7 /* meals.json */ = {isa = PBXFileReference; fileEncoding = 4; lastKnownFileType = text.json; path = meals.json; sourceTree = "<group>"; };
		5418090F2C8BAA84008114F7 /* 52893.json */ = {isa = PBXFileReference; fileEncoding = 4; lastKnownFileType = text.json; path = 52893.json; sourceTree = "<group>"; };
		541809112C8BB75C008114F7 /* README.md */ = {isa = PBXFileReference; lastKnownFileType = net.daringfireball.markdown; path = README.md; sourceTree = "<group>"; };
		54731B8B2C87C60D002F9C70 /* MealCategoryViewModel.swift */ = {isa = PBXFileReference; lastKnownFileType = sourcecode.swift; path = MealCategoryViewModel.swift; sourceTree = "<group>"; };
		547E3D502C87DAB5002695EB /* MealDetailViewModel.swift */ = {isa = PBXFileReference; lastKnownFileType = sourcecode.swift; path = MealDetailViewModel.swift; sourceTree = "<group>"; };
		548BAF6A2C87ADB200EAF8B8 /* Recipe Book.app */ = {isa = PBXFileReference; explicitFileType = wrapper.application; includeInIndex = 0; path = "Recipe Book.app"; sourceTree = BUILT_PRODUCTS_DIR; };
		548BAF6D2C87ADB200EAF8B8 /* Recipe_BookApp.swift */ = {isa = PBXFileReference; lastKnownFileType = sourcecode.swift; path = Recipe_BookApp.swift; sourceTree = "<group>"; };
		548BAF6F2C87ADB200EAF8B8 /* CategoryView.swift */ = {isa = PBXFileReference; lastKnownFileType = sourcecode.swift; path = CategoryView.swift; sourceTree = "<group>"; };
		548BAF712C87ADB300EAF8B8 /* Assets.xcassets */ = {isa = PBXFileReference; lastKnownFileType = folder.assetcatalog; path = Assets.xcassets; sourceTree = "<group>"; };
		548BAF742C87ADB300EAF8B8 /* Preview Assets.xcassets */ = {isa = PBXFileReference; lastKnownFileType = folder.assetcatalog; path = "Preview Assets.xcassets"; sourceTree = "<group>"; };
		548BAF7A2C87ADB300EAF8B8 /* Recipe BookTests.xctest */ = {isa = PBXFileReference; explicitFileType = wrapper.cfbundle; includeInIndex = 0; path = "Recipe BookTests.xctest"; sourceTree = BUILT_PRODUCTS_DIR; };
		548BAF7E2C87ADB300EAF8B8 /* Recipe_BookTests.swift */ = {isa = PBXFileReference; lastKnownFileType = sourcecode.swift; path = Recipe_BookTests.swift; sourceTree = "<group>"; };
		548BAF842C87ADB300EAF8B8 /* Recipe BookUITests.xctest */ = {isa = PBXFileReference; explicitFileType = wrapper.cfbundle; includeInIndex = 0; path = "Recipe BookUITests.xctest"; sourceTree = BUILT_PRODUCTS_DIR; };
		548BAF882C87ADB300EAF8B8 /* Recipe_BookUITests.swift */ = {isa = PBXFileReference; lastKnownFileType = sourcecode.swift; path = Recipe_BookUITests.swift; sourceTree = "<group>"; };
		548BAF8A2C87ADB300EAF8B8 /* Recipe_BookUITestsLaunchTests.swift */ = {isa = PBXFileReference; lastKnownFileType = sourcecode.swift; path = Recipe_BookUITestsLaunchTests.swift; sourceTree = "<group>"; };
		548BAF982C87ADD500EAF8B8 /* MealInfo.swift */ = {isa = PBXFileReference; lastKnownFileType = sourcecode.swift; path = MealInfo.swift; sourceTree = "<group>"; };
		548BAF9C2C87AF2500EAF8B8 /* Meal.swift */ = {isa = PBXFileReference; lastKnownFileType = sourcecode.swift; path = Meal.swift; sourceTree = "<group>"; };
		548BAF9E2C87BCA900EAF8B8 /* MealDetailView.swift */ = {isa = PBXFileReference; lastKnownFileType = sourcecode.swift; path = MealDetailView.swift; sourceTree = "<group>"; };
		548BAFA12C87BFEA00EAF8B8 /* MealDBService.swift */ = {isa = PBXFileReference; lastKnownFileType = sourcecode.swift; path = MealDBService.swift; sourceTree = "<group>"; };
		548BAFA62C87C2EA00EAF8B8 /* MealContainer.swift */ = {isa = PBXFileReference; lastKnownFileType = sourcecode.swift; path = MealContainer.swift; sourceTree = "<group>"; };
/* End PBXFileReference section */

/* Begin PBXFrameworksBuildPhase section */
		548BAF672C87ADB200EAF8B8 /* Frameworks */ = {
			isa = PBXFrameworksBuildPhase;
			buildActionMask = 2147483647;
			files = (
				547E3D4E2C87DA1E002695EB /* CachedAsyncImage in Frameworks */,
			);
			runOnlyForDeploymentPostprocessing = 0;
		};
		548BAF772C87ADB300EAF8B8 /* Frameworks */ = {
			isa = PBXFrameworksBuildPhase;
			buildActionMask = 2147483647;
			files = (
			);
			runOnlyForDeploymentPostprocessing = 0;
		};
		548BAF812C87ADB300EAF8B8 /* Frameworks */ = {
			isa = PBXFrameworksBuildPhase;
			buildActionMask = 2147483647;
			files = (
			);
			runOnlyForDeploymentPostprocessing = 0;
		};
/* End PBXFrameworksBuildPhase section */

/* Begin PBXGroup section */
		541809042C8B8A87008114F7 /* Components */ = {
			isa = PBXGroup;
			children = (
				541809032C8B8A87008114F7 /* AsyncSqureImage.swift */,
			);
			path = Components;
			sourceTree = "<group>";
		};
		54731B8D2C87CAD7002F9C70 /* Category */ = {
			isa = PBXGroup;
			children = (
				54731B8B2C87C60D002F9C70 /* MealCategoryViewModel.swift */,
				548BAF6F2C87ADB200EAF8B8 /* CategoryView.swift */,
			);
			path = Category;
			sourceTree = "<group>";
		};
		547E3D4F2C87DA88002695EB /* Detail */ = {
			isa = PBXGroup;
			children = (
				547E3D502C87DAB5002695EB /* MealDetailViewModel.swift */,
				548BAF9E2C87BCA900EAF8B8 /* MealDetailView.swift */,
			);
			path = Detail;
			sourceTree = "<group>";
		};
		547E3D522C8A3B41002695EB /* Navigation */ = {
			isa = PBXGroup;
			children = (
				541808FF2C8B8A28008114F7 /* Router.swift */,
			);
			path = Navigation;
			sourceTree = "<group>";
		};
		548BAF612C87ADB200EAF8B8 = {
			isa = PBXGroup;
			children = (
				541809112C8BB75C008114F7 /* README.md */,
				548BAF6C2C87ADB200EAF8B8 /* Recipe Book */,
				548BAF7D2C87ADB300EAF8B8 /* Recipe BookTests */,
				548BAF872C87ADB300EAF8B8 /* Recipe BookUITests */,
				548BAF6B2C87ADB200EAF8B8 /* Products */,
			);
			sourceTree = "<group>";
		};
		548BAF6B2C87ADB200EAF8B8 /* Products */ = {
			isa = PBXGroup;
			children = (
				548BAF6A2C87ADB200EAF8B8 /* Recipe Book.app */,
				548BAF7A2C87ADB300EAF8B8 /* Recipe BookTests.xctest */,
				548BAF842C87ADB300EAF8B8 /* Recipe BookUITests.xctest */,
			);
			name = Products;
			sourceTree = "<group>";
		};
		548BAF6C2C87ADB200EAF8B8 /* Recipe Book */ = {
			isa = PBXGroup;
			children = (
				548BAF6D2C87ADB200EAF8B8 /* Recipe_BookApp.swift */,
				547E3D522C8A3B41002695EB /* Navigation */,
				548BAF972C87ADC200EAF8B8 /* Model */,
				548BAFA02C87BFD000EAF8B8 /* API */,
				548BAFA92C87C57700EAF8B8 /* View */,
				548BAF712C87ADB300EAF8B8 /* Assets.xcassets */,
				548BAF732C87ADB300EAF8B8 /* Preview Content */,
			);
			path = "Recipe Book";
			sourceTree = "<group>";
		};
		548BAF732C87ADB300EAF8B8 /* Preview Content */ = {
			isa = PBXGroup;
			children = (
				548BAF742C87ADB300EAF8B8 /* Preview Assets.xcassets */,
			);
			path = "Preview Content";
			sourceTree = "<group>";
		};
		548BAF7D2C87ADB300EAF8B8 /* Recipe BookTests */ = {
			isa = PBXGroup;
			children = (
				5418090D2C8BA949008114F7 /* meals.json */,
				5418090F2C8BAA84008114F7 /* 52893.json */,
				541809092C8BA541008114F7 /* MockAPIService.swift */,
				548BAF7E2C87ADB300EAF8B8 /* Recipe_BookTests.swift */,
			);
			path = "Recipe BookTests";
			sourceTree = "<group>";
		};
		548BAF872C87ADB300EAF8B8 /* Recipe BookUITests */ = {
			isa = PBXGroup;
			children = (
				548BAF882C87ADB300EAF8B8 /* Recipe_BookUITests.swift */,
				548BAF8A2C87ADB300EAF8B8 /* Recipe_BookUITestsLaunchTests.swift */,
			);
			path = "Recipe BookUITests";
			sourceTree = "<group>";
		};
		548BAF972C87ADC200EAF8B8 /* Model */ = {
			isa = PBXGroup;
			children = (
				548BAFA62C87C2EA00EAF8B8 /* MealContainer.swift */,
				548BAF9C2C87AF2500EAF8B8 /* Meal.swift */,
				548BAF982C87ADD500EAF8B8 /* MealInfo.swift */,
			);
			path = Model;
			sourceTree = "<group>";
		};
		548BAFA02C87BFD000EAF8B8 /* API */ = {
			isa = PBXGroup;
			children = (
				548BAFA12C87BFEA00EAF8B8 /* MealDBService.swift */,
			);
			path = API;
			sourceTree = "<group>";
		};
		548BAFA92C87C57700EAF8B8 /* View */ = {
			isa = PBXGroup;
			children = (
				541809042C8B8A87008114F7 /* Components */,
				54731B8D2C87CAD7002F9C70 /* Category */,
				547E3D4F2C87DA88002695EB /* Detail */,
			);
			path = View;
			sourceTree = "<group>";
		};
/* End PBXGroup section */

/* Begin PBXNativeTarget section */
		548BAF692C87ADB200EAF8B8 /* Recipe Book */ = {
			isa = PBXNativeTarget;
			buildConfigurationList = 548BAF8E2C87ADB300EAF8B8 /* Build configuration list for PBXNativeTarget "Recipe Book" */;
			buildPhases = (
				548BAF662C87ADB200EAF8B8 /* Sources */,
				548BAF672C87ADB200EAF8B8 /* Frameworks */,
				548BAF682C87ADB200EAF8B8 /* Resources */,
			);
			buildRules = (
			);
			dependencies = (
			);
			name = "Recipe Book";
			packageProductDependencies = (
				547E3D4D2C87DA1E002695EB /* CachedAsyncImage */,
			);
			productName = "Recipe Book";
			productReference = 548BAF6A2C87ADB200EAF8B8 /* Recipe Book.app */;
			productType = "com.apple.product-type.application";
		};
		548BAF792C87ADB300EAF8B8 /* Recipe BookTests */ = {
			isa = PBXNativeTarget;
			buildConfigurationList = 548BAF912C87ADB300EAF8B8 /* Build configuration list for PBXNativeTarget "Recipe BookTests" */;
			buildPhases = (
				548BAF762C87ADB300EAF8B8 /* Sources */,
				548BAF772C87ADB300EAF8B8 /* Frameworks */,
				548BAF782C87ADB300EAF8B8 /* Resources */,
			);
			buildRules = (
			);
			dependencies = (
				548BAF7C2C87ADB300EAF8B8 /* PBXTargetDependency */,
			);
			name = "Recipe BookTests";
			productName = "Recipe BookTests";
			productReference = 548BAF7A2C87ADB300EAF8B8 /* Recipe BookTests.xctest */;
			productType = "com.apple.product-type.bundle.unit-test";
		};
		548BAF832C87ADB300EAF8B8 /* Recipe BookUITests */ = {
			isa = PBXNativeTarget;
			buildConfigurationList = 548BAF942C87ADB300EAF8B8 /* Build configuration list for PBXNativeTarget "Recipe BookUITests" */;
			buildPhases = (
				548BAF802C87ADB300EAF8B8 /* Sources */,
				548BAF812C87ADB300EAF8B8 /* Frameworks */,
				548BAF822C87ADB300EAF8B8 /* Resources */,
			);
			buildRules = (
			);
			dependencies = (
				548BAF862C87ADB300EAF8B8 /* PBXTargetDependency */,
			);
			name = "Recipe BookUITests";
			productName = "Recipe BookUITests";
			productReference = 548BAF842C87ADB300EAF8B8 /* Recipe BookUITests.xctest */;
			productType = "com.apple.product-type.bundle.ui-testing";
		};
/* End PBXNativeTarget section */

/* Begin PBXProject section */
		548BAF622C87ADB200EAF8B8 /* Project object */ = {
			isa = PBXProject;
			attributes = {
				BuildIndependentTargetsInParallel = 1;
				LastSwiftUpdateCheck = 1530;
				LastUpgradeCheck = 1530;
				TargetAttributes = {
					548BAF692C87ADB200EAF8B8 = {
						CreatedOnToolsVersion = 15.3;
					};
					548BAF792C87ADB300EAF8B8 = {
						CreatedOnToolsVersion = 15.3;
						TestTargetID = 548BAF692C87ADB200EAF8B8;
					};
					548BAF832C87ADB300EAF8B8 = {
						CreatedOnToolsVersion = 15.3;
						TestTargetID = 548BAF692C87ADB200EAF8B8;
					};
				};
			};
			buildConfigurationList = 548BAF652C87ADB200EAF8B8 /* Build configuration list for PBXProject "Recipe Book" */;
			compatibilityVersion = "Xcode 14.0";
			developmentRegion = en;
			hasScannedForEncodings = 0;
			knownRegions = (
				en,
				Base,
			);
			mainGroup = 548BAF612C87ADB200EAF8B8;
			packageReferences = (
				547E3D4C2C87DA1E002695EB /* XCRemoteSwiftPackageReference "swiftui-cached-async-image" */,
			);
			productRefGroup = 548BAF6B2C87ADB200EAF8B8 /* Products */;
			projectDirPath = "";
			projectRoot = "";
			targets = (
				548BAF692C87ADB200EAF8B8 /* Recipe Book */,
				548BAF792C87ADB300EAF8B8 /* Recipe BookTests */,
				548BAF832C87ADB300EAF8B8 /* Recipe BookUITests */,
			);
		};
/* End PBXProject section */

/* Begin PBXResourcesBuildPhase section */
		548BAF682C87ADB200EAF8B8 /* Resources */ = {
			isa = PBXResourcesBuildPhase;
			buildActionMask = 2147483647;
			files = (
				548BAF752C87ADB300EAF8B8 /* Preview Assets.xcassets in Resources */,
				548BAF722C87ADB300EAF8B8 /* Assets.xcassets in Resources */,
			);
			runOnlyForDeploymentPostprocessing = 0;
		};
		548BAF782C87ADB300EAF8B8 /* Resources */ = {
			isa = PBXResourcesBuildPhase;
			buildActionMask = 2147483647;
			files = (
				5418090E2C8BA949008114F7 /* meals.json in Resources */,
				541809102C8BAA84008114F7 /* 52893.json in Resources */,
			);
			runOnlyForDeploymentPostprocessing = 0;
		};
		548BAF822C87ADB300EAF8B8 /* Resources */ = {
			isa = PBXResourcesBuildPhase;
			buildActionMask = 2147483647;
			files = (
			);
			runOnlyForDeploymentPostprocessing = 0;
		};
/* End PBXResourcesBuildPhase section */

/* Begin PBXSourcesBuildPhase section */
		548BAF662C87ADB200EAF8B8 /* Sources */ = {
			isa = PBXSourcesBuildPhase;
			buildActionMask = 2147483647;
			files = (
				541809002C8B8A28008114F7 /* Router.swift in Sources */,
				548BAF9D2C87AF2500EAF8B8 /* Meal.swift in Sources */,
				548BAF702C87ADB200EAF8B8 /* CategoryView.swift in Sources */,
				548BAFA22C87BFEA00EAF8B8 /* MealDBService.swift in Sources */,
				548BAF992C87ADD500EAF8B8 /* MealInfo.swift in Sources */,
				54731B8C2C87C60D002F9C70 /* MealCategoryViewModel.swift in Sources */,
				548BAF6E2C87ADB200EAF8B8 /* Recipe_BookApp.swift in Sources */,
				548BAFA72C87C2EA00EAF8B8 /* MealContainer.swift in Sources */,
				547E3D512C87DAB5002695EB /* MealDetailViewModel.swift in Sources */,
				548BAF9F2C87BCA900EAF8B8 /* MealDetailView.swift in Sources */,
				541809052C8B8A87008114F7 /* AsyncSqureImage.swift in Sources */,
			);
			runOnlyForDeploymentPostprocessing = 0;
		};
		548BAF762C87ADB300EAF8B8 /* Sources */ = {
			isa = PBXSourcesBuildPhase;
			buildActionMask = 2147483647;
			files = (
				541809062C8B8B32008114F7 /* Meal.swift in Sources */,
				548BAFA52C87C00000EAF8B8 /* MealDBService.swift in Sources */,
				548BAF7F2C87ADB300EAF8B8 /* Recipe_BookTests.swift in Sources */,
				548BAFA32C87BFFD00EAF8B8 /* MealInfo.swift in Sources */,
				5418090A2C8BA541008114F7 /* MockAPIService.swift in Sources */,
				548BAFA82C87C46D00EAF8B8 /* MealContainer.swift in Sources */,
				541809082C8B8B66008114F7 /* MealDetailViewModel.swift in Sources */,
				541809072C8B8B63008114F7 /* MealCategoryViewModel.swift in Sources */,
			);
			runOnlyForDeploymentPostprocessing = 0;
		};
		548BAF802C87ADB300EAF8B8 /* Sources */ = {
			isa = PBXSourcesBuildPhase;
			buildActionMask = 2147483647;
			files = (
				548BAF892C87ADB300EAF8B8 /* Recipe_BookUITests.swift in Sources */,
				548BAF8B2C87ADB300EAF8B8 /* Recipe_BookUITestsLaunchTests.swift in Sources */,
			);
			runOnlyForDeploymentPostprocessing = 0;
		};
/* End PBXSourcesBuildPhase section */

/* Begin PBXTargetDependency section */
		548BAF7C2C87ADB300EAF8B8 /* PBXTargetDependency */ = {
			isa = PBXTargetDependency;
			target = 548BAF692C87ADB200EAF8B8 /* Recipe Book */;
			targetProxy = 548BAF7B2C87ADB300EAF8B8 /* PBXContainerItemProxy */;
		};
		548BAF862C87ADB300EAF8B8 /* PBXTargetDependency */ = {
			isa = PBXTargetDependency;
			target = 548BAF692C87ADB200EAF8B8 /* Recipe Book */;
			targetProxy = 548BAF852C87ADB300EAF8B8 /* PBXContainerItemProxy */;
		};
/* End PBXTargetDependency section */

/* Begin XCBuildConfiguration section */
		548BAF8C2C87ADB300EAF8B8 /* Debug */ = {
			isa = XCBuildConfiguration;
			buildSettings = {
				ALWAYS_SEARCH_USER_PATHS = NO;
				ASSETCATALOG_COMPILER_GENERATE_SWIFT_ASSET_SYMBOL_EXTENSIONS = YES;
				CLANG_ANALYZER_NONNULL = YES;
				CLANG_ANALYZER_NUMBER_OBJECT_CONVERSION = YES_AGGRESSIVE;
				CLANG_CXX_LANGUAGE_STANDARD = "gnu++20";
				CLANG_ENABLE_MODULES = YES;
				CLANG_ENABLE_OBJC_ARC = YES;
				CLANG_ENABLE_OBJC_WEAK = YES;
				CLANG_WARN_BLOCK_CAPTURE_AUTORELEASING = YES;
				CLANG_WARN_BOOL_CONVERSION = YES;
				CLANG_WARN_COMMA = YES;
				CLANG_WARN_CONSTANT_CONVERSION = YES;
				CLANG_WARN_DEPRECATED_OBJC_IMPLEMENTATIONS = YES;
				CLANG_WARN_DIRECT_OBJC_ISA_USAGE = YES_ERROR;
				CLANG_WARN_DOCUMENTATION_COMMENTS = YES;
				CLANG_WARN_EMPTY_BODY = YES;
				CLANG_WARN_ENUM_CONVERSION = YES;
				CLANG_WARN_INFINITE_RECURSION = YES;
				CLANG_WARN_INT_CONVERSION = YES;
				CLANG_WARN_NON_LITERAL_NULL_CONVERSION = YES;
				CLANG_WARN_OBJC_IMPLICIT_RETAIN_SELF = YES;
				CLANG_WARN_OBJC_LITERAL_CONVERSION = YES;
				CLANG_WARN_OBJC_ROOT_CLASS = YES_ERROR;
				CLANG_WARN_QUOTED_INCLUDE_IN_FRAMEWORK_HEADER = YES;
				CLANG_WARN_RANGE_LOOP_ANALYSIS = YES;
				CLANG_WARN_STRICT_PROTOTYPES = YES;
				CLANG_WARN_SUSPICIOUS_MOVE = YES;
				CLANG_WARN_UNGUARDED_AVAILABILITY = YES_AGGRESSIVE;
				CLANG_WARN_UNREACHABLE_CODE = YES;
				CLANG_WARN__DUPLICATE_METHOD_MATCH = YES;
				COPY_PHASE_STRIP = NO;
				DEBUG_INFORMATION_FORMAT = dwarf;
				ENABLE_STRICT_OBJC_MSGSEND = YES;
				ENABLE_TESTABILITY = YES;
				ENABLE_USER_SCRIPT_SANDBOXING = YES;
				GCC_C_LANGUAGE_STANDARD = gnu17;
				GCC_DYNAMIC_NO_PIC = NO;
				GCC_NO_COMMON_BLOCKS = YES;
				GCC_OPTIMIZATION_LEVEL = 0;
				GCC_PREPROCESSOR_DEFINITIONS = (
					"DEBUG=1",
					"$(inherited)",
				);
				GCC_WARN_64_TO_32_BIT_CONVERSION = YES;
				GCC_WARN_ABOUT_RETURN_TYPE = YES_ERROR;
				GCC_WARN_UNDECLARED_SELECTOR = YES;
				GCC_WARN_UNINITIALIZED_AUTOS = YES_AGGRESSIVE;
				GCC_WARN_UNUSED_FUNCTION = YES;
				GCC_WARN_UNUSED_VARIABLE = YES;
				IPHONEOS_DEPLOYMENT_TARGET = 17.4;
				LOCALIZATION_PREFERS_STRING_CATALOGS = YES;
				MTL_ENABLE_DEBUG_INFO = INCLUDE_SOURCE;
				MTL_FAST_MATH = YES;
				ONLY_ACTIVE_ARCH = YES;
				SDKROOT = iphoneos;
				SWIFT_ACTIVE_COMPILATION_CONDITIONS = "DEBUG $(inherited)";
				SWIFT_OPTIMIZATION_LEVEL = "-Onone";
			};
			name = Debug;
		};
		548BAF8D2C87ADB300EAF8B8 /* Release */ = {
			isa = XCBuildConfiguration;
			buildSettings = {
				ALWAYS_SEARCH_USER_PATHS = NO;
				ASSETCATALOG_COMPILER_GENERATE_SWIFT_ASSET_SYMBOL_EXTENSIONS = YES;
				CLANG_ANALYZER_NONNULL = YES;
				CLANG_ANALYZER_NUMBER_OBJECT_CONVERSION = YES_AGGRESSIVE;
				CLANG_CXX_LANGUAGE_STANDARD = "gnu++20";
				CLANG_ENABLE_MODULES = YES;
				CLANG_ENABLE_OBJC_ARC = YES;
				CLANG_ENABLE_OBJC_WEAK = YES;
				CLANG_WARN_BLOCK_CAPTURE_AUTORELEASING = YES;
				CLANG_WARN_BOOL_CONVERSION = YES;
				CLANG_WARN_COMMA = YES;
				CLANG_WARN_CONSTANT_CONVERSION = YES;
				CLANG_WARN_DEPRECATED_OBJC_IMPLEMENTATIONS = YES;
				CLANG_WARN_DIRECT_OBJC_ISA_USAGE = YES_ERROR;
				CLANG_WARN_DOCUMENTATION_COMMENTS = YES;
				CLANG_WARN_EMPTY_BODY = YES;
				CLANG_WARN_ENUM_CONVERSION = YES;
				CLANG_WARN_INFINITE_RECURSION = YES;
				CLANG_WARN_INT_CONVERSION = YES;
				CLANG_WARN_NON_LITERAL_NULL_CONVERSION = YES;
				CLANG_WARN_OBJC_IMPLICIT_RETAIN_SELF = YES;
				CLANG_WARN_OBJC_LITERAL_CONVERSION = YES;
				CLANG_WARN_OBJC_ROOT_CLASS = YES_ERROR;
				CLANG_WARN_QUOTED_INCLUDE_IN_FRAMEWORK_HEADER = YES;
				CLANG_WARN_RANGE_LOOP_ANALYSIS = YES;
				CLANG_WARN_STRICT_PROTOTYPES = YES;
				CLANG_WARN_SUSPICIOUS_MOVE = YES;
				CLANG_WARN_UNGUARDED_AVAILABILITY = YES_AGGRESSIVE;
				CLANG_WARN_UNREACHABLE_CODE = YES;
				CLANG_WARN__DUPLICATE_METHOD_MATCH = YES;
				COPY_PHASE_STRIP = NO;
				DEBUG_INFORMATION_FORMAT = "dwarf-with-dsym";
				ENABLE_NS_ASSERTIONS = NO;
				ENABLE_STRICT_OBJC_MSGSEND = YES;
				ENABLE_USER_SCRIPT_SANDBOXING = YES;
				GCC_C_LANGUAGE_STANDARD = gnu17;
				GCC_NO_COMMON_BLOCKS = YES;
				GCC_WARN_64_TO_32_BIT_CONVERSION = YES;
				GCC_WARN_ABOUT_RETURN_TYPE = YES_ERROR;
				GCC_WARN_UNDECLARED_SELECTOR = YES;
				GCC_WARN_UNINITIALIZED_AUTOS = YES_AGGRESSIVE;
				GCC_WARN_UNUSED_FUNCTION = YES;
				GCC_WARN_UNUSED_VARIABLE = YES;
				IPHONEOS_DEPLOYMENT_TARGET = 17.4;
				LOCALIZATION_PREFERS_STRING_CATALOGS = YES;
				MTL_ENABLE_DEBUG_INFO = NO;
				MTL_FAST_MATH = YES;
				SDKROOT = iphoneos;
				SWIFT_COMPILATION_MODE = wholemodule;
				VALIDATE_PRODUCT = YES;
			};
			name = Release;
		};
		548BAF8F2C87ADB300EAF8B8 /* Debug */ = {
			isa = XCBuildConfiguration;
			buildSettings = {
				ASSETCATALOG_COMPILER_APPICON_NAME = AppIcon;
				ASSETCATALOG_COMPILER_GLOBAL_ACCENT_COLOR_NAME = AccentColor;
				CODE_SIGN_STYLE = Automatic;
				CURRENT_PROJECT_VERSION = 1;
				DEVELOPMENT_ASSET_PATHS = "\"Recipe Book/Preview Content\"";
				DEVELOPMENT_TEAM = CB7D3XVLP3;
				ENABLE_PREVIEWS = YES;
				GENERATE_INFOPLIST_FILE = YES;
				INFOPLIST_KEY_UIApplicationSceneManifest_Generation = YES;
				INFOPLIST_KEY_UIApplicationSupportsIndirectInputEvents = YES;
				INFOPLIST_KEY_UILaunchScreen_Generation = YES;
				INFOPLIST_KEY_UISupportedInterfaceOrientations = UIInterfaceOrientationPortrait;
				INFOPLIST_KEY_UISupportedInterfaceOrientations_iPad = "UIInterfaceOrientationLandscapeLeft UIInterfaceOrientationLandscapeRight UIInterfaceOrientationPortrait UIInterfaceOrientationPortraitUpsideDown";
				IPHONEOS_DEPLOYMENT_TARGET = 17.0;
				LD_RUNPATH_SEARCH_PATHS = (
					"$(inherited)",
					"@executable_path/Frameworks",
				);
				MARKETING_VERSION = 1.0;
				PRODUCT_BUNDLE_IDENTIFIER = "com.josh.birnholz.Recipe-Book";
				PRODUCT_NAME = "$(TARGET_NAME)";
				SUPPORTED_PLATFORMS = "iphoneos iphonesimulator";
				SUPPORTS_MACCATALYST = NO;
				SWIFT_EMIT_LOC_STRINGS = YES;
				SWIFT_VERSION = 5.0;
				TARGETED_DEVICE_FAMILY = 1;
			};
			name = Debug;
		};
		548BAF902C87ADB300EAF8B8 /* Release */ = {
			isa = XCBuildConfiguration;
			buildSettings = {
				ASSETCATALOG_COMPILER_APPICON_NAME = AppIcon;
				ASSETCATALOG_COMPILER_GLOBAL_ACCENT_COLOR_NAME = AccentColor;
				CODE_SIGN_STYLE = Automatic;
				CURRENT_PROJECT_VERSION = 1;
				DEVELOPMENT_ASSET_PATHS = "\"Recipe Book/Preview Content\"";
				DEVELOPMENT_TEAM = CB7D3XVLP3;
				ENABLE_PREVIEWS = YES;
				GENERATE_INFOPLIST_FILE = YES;
				INFOPLIST_KEY_UIApplicationSceneManifest_Generation = YES;
				INFOPLIST_KEY_UIApplicationSupportsIndirectInputEvents = YES;
				INFOPLIST_KEY_UILaunchScreen_Generation = YES;
				INFOPLIST_KEY_UISupportedInterfaceOrientations = UIInterfaceOrientationPortrait;
				INFOPLIST_KEY_UISupportedInterfaceOrientations_iPad = "UIInterfaceOrientationLandscapeLeft UIInterfaceOrientationLandscapeRight UIInterfaceOrientationPortrait UIInterfaceOrientationPortraitUpsideDown";
				IPHONEOS_DEPLOYMENT_TARGET = 17.0;
				LD_RUNPATH_SEARCH_PATHS = (
					"$(inherited)",
					"@executable_path/Frameworks",
				);
				MARKETING_VERSION = 1.0;
				PRODUCT_BUNDLE_IDENTIFIER = "com.josh.birnholz.Recipe-Book";
				PRODUCT_NAME = "$(TARGET_NAME)";
				SUPPORTED_PLATFORMS = "iphoneos iphonesimulator";
				SUPPORTS_MACCATALYST = NO;
				SWIFT_EMIT_LOC_STRINGS = YES;
				SWIFT_VERSION = 5.0;
				TARGETED_DEVICE_FAMILY = 1;
			};
			name = Release;
		};
		548BAF922C87ADB300EAF8B8 /* Debug */ = {
			isa = XCBuildConfiguration;
			buildSettings = {
				ALWAYS_EMBED_SWIFT_STANDARD_LIBRARIES = YES;
				BUNDLE_LOADER = "$(TEST_HOST)";
				CODE_SIGN_STYLE = Automatic;
				CURRENT_PROJECT_VERSION = 1;
				DEVELOPMENT_TEAM = CB7D3XVLP3;
				GENERATE_INFOPLIST_FILE = YES;
				IPHONEOS_DEPLOYMENT_TARGET = 17.4;
				MARKETING_VERSION = 1.0;
				PRODUCT_BUNDLE_IDENTIFIER = "com.josh.birnholz.Recipe-BookTests";
				PRODUCT_NAME = "$(TARGET_NAME)";
				SWIFT_EMIT_LOC_STRINGS = NO;
				SWIFT_VERSION = 5.0;
				TARGETED_DEVICE_FAMILY = "1,2";
				TEST_HOST = "$(BUILT_PRODUCTS_DIR)/Recipe Book.app/$(BUNDLE_EXECUTABLE_FOLDER_PATH)/Recipe Book";
			};
			name = Debug;
		};
		548BAF932C87ADB300EAF8B8 /* Release */ = {
			isa = XCBuildConfiguration;
			buildSettings = {
				ALWAYS_EMBED_SWIFT_STANDARD_LIBRARIES = YES;
				BUNDLE_LOADER = "$(TEST_HOST)";
				CODE_SIGN_STYLE = Automatic;
				CURRENT_PROJECT_VERSION = 1;
				DEVELOPMENT_TEAM = CB7D3XVLP3;
				GENERATE_INFOPLIST_FILE = YES;
				IPHONEOS_DEPLOYMENT_TARGET = 17.4;
				MARKETING_VERSION = 1.0;
				PRODUCT_BUNDLE_IDENTIFIER = "com.josh.birnholz.Recipe-BookTests";
				PRODUCT_NAME = "$(TARGET_NAME)";
				SWIFT_EMIT_LOC_STRINGS = NO;
				SWIFT_VERSION = 5.0;
				TARGETED_DEVICE_FAMILY = "1,2";
				TEST_HOST = "$(BUILT_PRODUCTS_DIR)/Recipe Book.app/$(BUNDLE_EXECUTABLE_FOLDER_PATH)/Recipe Book";
			};
			name = Release;
		};
		548BAF952C87ADB300EAF8B8 /* Debug */ = {
			isa = XCBuildConfiguration;
			buildSettings = {
				ALWAYS_EMBED_SWIFT_STANDARD_LIBRARIES = YES;
				CODE_SIGN_STYLE = Automatic;
				CURRENT_PROJECT_VERSION = 1;
				DEVELOPMENT_TEAM = CB7D3XVLP3;
				GENERATE_INFOPLIST_FILE = YES;
				MARKETING_VERSION = 1.0;
				PRODUCT_BUNDLE_IDENTIFIER = "com.josh.birnholz.Recipe-BookUITests";
				PRODUCT_NAME = "$(TARGET_NAME)";
				SWIFT_EMIT_LOC_STRINGS = NO;
				SWIFT_VERSION = 5.0;
				TARGETED_DEVICE_FAMILY = "1,2";
				TEST_TARGET_NAME = "Recipe Book";
			};
			name = Debug;
		};
		548BAF962C87ADB300EAF8B8 /* Release */ = {
			isa = XCBuildConfiguration;
			buildSettings = {
				ALWAYS_EMBED_SWIFT_STANDARD_LIBRARIES = YES;
				CODE_SIGN_STYLE = Automatic;
				CURRENT_PROJECT_VERSION = 1;
				DEVELOPMENT_TEAM = CB7D3XVLP3;
				GENERATE_INFOPLIST_FILE = YES;
				MARKETING_VERSION = 1.0;
				PRODUCT_BUNDLE_IDENTIFIER = "com.josh.birnholz.Recipe-BookUITests";
				PRODUCT_NAME = "$(TARGET_NAME)";
				SWIFT_EMIT_LOC_STRINGS = NO;
				SWIFT_VERSION = 5.0;
				TARGETED_DEVICE_FAMILY = "1,2";
				TEST_TARGET_NAME = "Recipe Book";
			};
			name = Release;
		};
/* End XCBuildConfiguration section */

/* Begin XCConfigurationList section */
		548BAF652C87ADB200EAF8B8 /* Build configuration list for PBXProject "Recipe Book" */ = {
			isa = XCConfigurationList;
			buildConfigurations = (
				548BAF8C2C87ADB300EAF8B8 /* Debug */,
				548BAF8D2C87ADB300EAF8B8 /* Release */,
			);
			defaultConfigurationIsVisible = 0;
			defaultConfigurationName = Release;
		};
		548BAF8E2C87ADB300EAF8B8 /* Build configuration list for PBXNativeTarget "Recipe Book" */ = {
			isa = XCConfigurationList;
			buildConfigurations = (
				548BAF8F2C87ADB300EAF8B8 /* Debug */,
				548BAF902C87ADB300EAF8B8 /* Release */,
			);
			defaultConfigurationIsVisible = 0;
			defaultConfigurationName = Release;
		};
		548BAF912C87ADB300EAF8B8 /* Build configuration list for PBXNativeTarget "Recipe BookTests" */ = {
			isa = XCConfigurationList;
			buildConfigurations = (
				548BAF922C87ADB300EAF8B8 /* Debug */,
				548BAF932C87ADB300EAF8B8 /* Release */,
			);
			defaultConfigurationIsVisible = 0;
			defaultConfigurationName = Release;
		};
		548BAF942C87ADB300EAF8B8 /* Build configuration list for PBXNativeTarget "Recipe BookUITests" */ = {
			isa = XCConfigurationList;
			buildConfigurations = (
				548BAF952C87ADB300EAF8B8 /* Debug */,
				548BAF962C87ADB300EAF8B8 /* Release */,
			);
			defaultConfigurationIsVisible = 0;
			defaultConfigurationName = Release;
		};
/* End XCConfigurationList section */

/* Begin XCRemoteSwiftPackageReference section */
		547E3D4C2C87DA1E002695EB /* XCRemoteSwiftPackageReference "swiftui-cached-async-image" */ = {
			isa = XCRemoteSwiftPackageReference;
			repositoryURL = "https://github.com/lorenzofiamingo/swiftui-cached-async-image";
			requirement = {
				kind = upToNextMajorVersion;
				minimumVersion = 2.1.1;
			};
		};
/* End XCRemoteSwiftPackageReference section */

/* Begin XCSwiftPackageProductDependency section */
		547E3D4D2C87DA1E002695EB /* CachedAsyncImage */ = {
			isa = XCSwiftPackageProductDependency;
			package = 547E3D4C2C87DA1E002695EB /* XCRemoteSwiftPackageReference "swiftui-cached-async-image" */;
			productName = CachedAsyncImage;
		};
/* End XCSwiftPackageProductDependency section */
	};
	rootObject = 548BAF622C87ADB200EAF8B8 /* Project object */;
}
